
Microsoft Visual Studio Solution File, Format Version 12.00
# Visual Studio Version 17
VisualStudioVersion = 17.0.31903.59
MinimumVisualStudioVersion = 10.0.40219.1
Project("{2150E333-8FDC-42A3-9474-1A3956D46DE8}") = "src", "src", "{827E0CD3-B72D-47B6-A68D-7590B98EB39B}"
EndProject
Project("{FAE04EC0-301F-11D3-BF4B-00C04F79EFBC}") = "Core.Domain", "src\Core.Domain\Core.Domain.csproj", "{6E5454A2-D543-41F2-8ADD-EE55FB57026A}"
EndProject
Project("{FAE04EC0-301F-11D3-BF4B-00C04F79EFBC}") = "Core.Application", "src\Core.Application\Core.Application.csproj", "{94AA7ACA-6BEE-4679-BB45-399D0740264F}"
EndProject
Project("{FAE04EC0-301F-11D3-BF4B-00C04F79EFBC}") = "Infrastructure", "src\Infrastructure\Infrastructure.csproj", "{2C53818D-C3FB-49DA-A812-88B5FC92C6D5}"
EndProject
Project("{2150E333-8FDC-42A3-9474-1A3956D46DE8}") = "Presentation", "Presentation", "{6996BBF7-DB31-59BC-C7DD-9A7CCC6138C4}"
EndProject
Project("{FAE04EC0-301F-11D3-BF4B-00C04F79EFBC}") = "API", "src\Presentation\API\API.csproj", "{94DF4A88-721E-406A-8F75-EE042821A3BF}"
EndProject
Project("{2150E333-8FDC-42A3-9474-1A3956D46DE8}") = "tests", "tests", "{0AB3BF05-4346-4AA6-1389-037BE0695223}"
EndProject
Project("{FAE04EC0-301F-11D3-BF4B-00C04F79EFBC}") = "Application.UnitTests", "tests\Application.UnitTests\Application.UnitTests.csproj", "{A5A7CAAF-C26A-4B7D-A3A6-FDE8898740BC}"
EndProject
Project("{FAE04EC0-301F-11D3-BF4B-00C04F79EFBC}") = "API.IntegrationTests", "tests\API.IntegrationTests\API.IntegrationTests.csproj", "{730FE84C-4423-48A8-9E02-FA8127D8CC4D}"
EndProject
Global
	GlobalSection(SolutionConfigurationPlatforms) = preSolution
		Debug|Any CPU = Debug|Any CPU
		Debug|x64 = Debug|x64
		Debug|x86 = Debug|x86
		Release|Any CPU = Release|Any CPU
		Release|x64 = Release|x64
		Release|x86 = Release|x86
	EndGlobalSection
	GlobalSection(ProjectConfigurationPlatforms) = postSolution
		{6E5454A2-D543-41F2-8ADD-EE55FB57026A}.Debug|Any CPU.ActiveCfg = Debug|Any CPU
		{6E5454A2-D543-41F2-8ADD-EE55FB57026A}.Debug|Any CPU.Build.0 = Debug|Any CPU
		{6E5454A2-D543-41F2-8ADD-EE55FB57026A}.Debug|x64.ActiveCfg = Debug|Any CPU
		{6E5454A2-D543-41F2-8ADD-EE55FB57026A}.Debug|x64.Build.0 = Debug|Any CPU
		{6E5454A2-D543-41F2-8ADD-EE55FB57026A}.Debug|x86.ActiveCfg = Debug|Any CPU
		{6E5454A2-D543-41F2-8ADD-EE55FB57026A}.Debug|x86.Build.0 = Debug|Any CPU
		{6E5454A2-D543-41F2-8ADD-EE55FB57026A}.Release|Any CPU.ActiveCfg = Release|Any CPU
		{6E5454A2-D543-41F2-8ADD-EE55FB57026A}.Release|Any CPU.Build.0 = Release|Any CPU
		{6E5454A2-D543-41F2-8ADD-EE55FB57026A}.Release|x64.ActiveCfg = Release|Any CPU
		{6E5454A2-D543-41F2-8ADD-EE55FB57026A}.Release|x64.Build.0 = Release|Any CPU
		{6E5454A2-D543-41F2-8ADD-EE55FB57026A}.Release|x86.ActiveCfg = Release|Any CPU
		{6E5454A2-D543-41F2-8ADD-EE55FB57026A}.Release|x86.Build.0 = Release|Any CPU
		{94AA7ACA-6BEE-4679-BB45-399D0740264F}.Debug|Any CPU.ActiveCfg = Debug|Any CPU
		{94AA7ACA-6BEE-4679-BB45-399D0740264F}.Debug|Any CPU.Build.0 = Debug|Any CPU
		{94AA7ACA-6BEE-4679-BB45-399D0740264F}.Debug|x64.ActiveCfg = Debug|Any CPU
		{94AA7ACA-6BEE-4679-BB45-399D0740264F}.Debug|x64.Build.0 = Debug|Any CPU
		{94AA7ACA-6BEE-4679-BB45-399D0740264F}.Debug|x86.ActiveCfg = Debug|Any CPU
		{94AA7ACA-6BEE-4679-BB45-399D0740264F}.Debug|x86.Build.0 = Debug|Any CPU
		{94AA7ACA-6BEE-4679-BB45-399D0740264F}.Release|Any CPU.ActiveCfg = Release|Any CPU
		{94AA7ACA-6BEE-4679-BB45-399D0740264F}.Release|Any CPU.Build.0 = Release|Any CPU
		{94AA7ACA-6BEE-4679-BB45-399D0740264F}.Release|x64.ActiveCfg = Release|Any CPU
		{94AA7ACA-6BEE-4679-BB45-399D0740264F}.Release|x64.Build.0 = Release|Any CPU
		{94AA7ACA-6BEE-4679-BB45-399D0740264F}.Release|x86.ActiveCfg = Release|Any CPU
		{94AA7ACA-6BEE-4679-BB45-399D0740264F}.Release|x86.Build.0 = Release|Any CPU
		{2C53818D-C3FB-49DA-A812-88B5FC92C6D5}.Debug|Any CPU.ActiveCfg = Debug|Any CPU
		{2C53818D-C3FB-49DA-A812-88B5FC92C6D5}.Debug|Any CPU.Build.0 = Debug|Any CPU
		{2C53818D-C3FB-49DA-A812-88B5FC92C6D5}.Debug|x64.ActiveCfg = Debug|Any CPU
		{2C53818D-C3FB-49DA-A812-88B5FC92C6D5}.Debug|x64.Build.0 = Debug|Any CPU
		{2C53818D-C3FB-49DA-A812-88B5FC92C6D5}.Debug|x86.ActiveCfg = Debug|Any CPU
		{2C53818D-C3FB-49DA-A812-88B5FC92C6D5}.Debug|x86.Build.0 = Debug|Any CPU
		{2C53818D-C3FB-49DA-A812-88B5FC92C6D5}.Release|Any CPU.ActiveCfg = Release|Any CPU
		{2C53818D-C3FB-49DA-A812-88B5FC92C6D5}.Release|Any CPU.Build.0 = Release|Any CPU
		{2C53818D-C3FB-49DA-A812-88B5FC92C6D5}.Release|x64.ActiveCfg = Release|Any CPU
		{2C53818D-C3FB-49DA-A812-88B5FC92C6D5}.Release|x64.Build.0 = Release|Any CPU
		{2C53818D-C3FB-49DA-A812-88B5FC92C6D5}.Release|x86.ActiveCfg = Release|Any CPU
		{2C53818D-C3FB-49DA-A812-88B5FC92C6D5}.Release|x86.Build.0 = Release|Any CPU
		{94DF4A88-721E-406A-8F75-EE042821A3BF}.Debug|Any CPU.ActiveCfg = Debug|Any CPU
		{94DF4A88-721E-406A-8F75-EE042821A3BF}.Debug|Any CPU.Build.0 = Debug|Any CPU
		{94DF4A88-721E-406A-8F75-EE042821A3BF}.Debug|x64.ActiveCfg = Debug|Any CPU
		{94DF4A88-721E-406A-8F75-EE042821A3BF}.Debug|x64.Build.0 = Debug|Any CPU
		{94DF4A88-721E-406A-8F75-EE042821A3BF}.Debug|x86.ActiveCfg = Debug|Any CPU
		{94DF4A88-721E-406A-8F75-EE042821A3BF}.Debug|x86.Build.0 = Debug|Any CPU
		{94DF4A88-721E-406A-8F75-EE042821A3BF}.Release|Any CPU.ActiveCfg = Release|Any CPU
		{94DF4A88-721E-406A-8F75-EE042821A3BF}.Release|Any CPU.Build.0 = Release|Any CPU
		{94DF4A88-721E-406A-8F75-EE042821A3BF}.Release|x64.ActiveCfg = Release|Any CPU
		{94DF4A88-721E-406A-8F75-EE042821A3BF}.Release|x64.Build.0 = Release|Any CPU
		{94DF4A88-721E-406A-8F75-EE042821A3BF}.Release|x86.ActiveCfg = Release|Any CPU
		{94DF4A88-721E-406A-8F75-EE042821A3BF}.Release|x86.Build.0 = Release|Any CPU
		{A5A7CAAF-C26A-4B7D-A3A6-FDE8898740BC}.Debug|Any CPU.ActiveCfg = Debug|Any CPU
		{A5A7CAAF-C26A-4B7D-A3A6-FDE8898740BC}.Debug|Any CPU.Build.0 = Debug|Any CPU
		{A5A7CAAF-C26A-4B7D-A3A6-FDE8898740BC}.Debug|x64.ActiveCfg = Debug|Any CPU
		{A5A7CAAF-C26A-4B7D-A3A6-FDE8898740BC}.Debug|x64.Build.0 = Debug|Any CPU
		{A5A7CAAF-C26A-4B7D-A3A6-FDE8898740BC}.Debug|x86.ActiveCfg = Debug|Any CPU
		{A5A7CAAF-C26A-4B7D-A3A6-FDE8898740BC}.Debug|x86.Build.0 = Debug|Any CPU
		{A5A7CAAF-C26A-4B7D-A3A6-FDE8898740BC}.Release|Any CPU.ActiveCfg = Release|Any CPU
		{A5A7CAAF-C26A-4B7D-A3A6-FDE8898740BC}.Release|Any CPU.Build.0 = Release|Any CPU
		{A5A7CAAF-C26A-4B7D-A3A6-FDE8898740BC}.Release|x64.ActiveCfg = Release|Any CPU
		{A5A7CAAF-C26A-4B7D-A3A6-FDE8898740BC}.Release|x64.Build.0 = Release|Any CPU
		{A5A7CAAF-C26A-4B7D-A3A6-FDE8898740BC}.Release|x86.ActiveCfg = Release|Any CPU
		{A5A7CAAF-C26A-4B7D-A3A6-FDE8898740BC}.Release|x86.Build.0 = Release|Any CPU
		{730FE84C-4423-48A8-9E02-FA8127D8CC4D}.Debug|Any CPU.ActiveCfg = Debug|Any CPU
		{730FE84C-4423-48A8-9E02-FA8127D8CC4D}.Debug|Any CPU.Build.0 = Debug|Any CPU
		{730FE84C-4423-48A8-9E02-FA8127D8CC4D}.Debug|x64.ActiveCfg = Debug|Any CPU
		{730FE84C-4423-48A8-9E02-FA8127D8CC4D}.Debug|x64.Build.0 = Debug|Any CPU
		{730FE84C-4423-48A8-9E02-FA8127D8CC4D}.Debug|x86.ActiveCfg = Debug|Any CPU
		{730FE84C-4423-48A8-9E02-FA8127D8CC4D}.Debug|x86.Build.0 = Debug|Any CPU
		{730FE84C-4423-48A8-9E02-FA8127D8CC4D}.Release|Any CPU.ActiveCfg = Release|Any CPU
		{730FE84C-4423-48A8-9E02-FA8127D8CC4D}.Release|Any CPU.Build.0 = Release|Any CPU
		{730FE84C-4423-48A8-9E02-FA8127D8CC4D}.Release|x64.ActiveCfg = Release|Any CPU
		{730FE84C-4423-48A8-9E02-FA8127D8CC4D}.Release|x64.Build.0 = Release|Any CPU
		{730FE84C-4423-48A8-9E02-FA8127D8CC4D}.Release|x86.ActiveCfg = Release|Any CPU
		{730FE84C-4423-48A8-9E02-FA8127D8CC4D}.Release|x86.Build.0 = Release|Any CPU
	EndGlobalSection
	GlobalSection(SolutionProperties) = preSolution
		HideSolutionNode = FALSE
	EndGlobalSection
	GlobalSection(NestedProjects) = preSolution
		{6E5454A2-D543-41F2-8ADD-EE55FB57026A} = {827E0CD3-B72D-47B6-A68D-7590B98EB39B}
		{94AA7ACA-6BEE-4679-BB45-399D0740264F} = {827E0CD3-B72D-47B6-A68D-7590B98EB39B}
		{2C53818D-C3FB-49DA-A812-88B5FC92C6D5} = {827E0CD3-B72D-47B6-A68D-7590B98EB39B}
		{6996BBF7-DB31-59BC-C7DD-9A7CCC6138C4} = {827E0CD3-B72D-47B6-A68D-7590B98EB39B}
		{94DF4A88-721E-406A-8F75-EE042821A3BF} = {6996BBF7-DB31-59BC-C7DD-9A7CCC6138C4}
		{A5A7CAAF-C26A-4B7D-A3A6-FDE8898740BC} = {0AB3BF05-4346-4AA6-1389-037BE0695223}
		{730FE84C-4423-48A8-9E02-FA8127D8CC4D} = {0AB3BF05-4346-4AA6-1389-037BE0695223}
	EndGlobalSection
EndGlobal
